
Microsoft Visual Studio Solution File, Format Version 12.00
# Visual Studio 15
VisualStudioVersion = 15.0.28010.2041
MinimumVisualStudioVersion = 10.0.40219.1
Project("{FAE04EC0-301F-11D3-BF4B-00C04F79EFBC}") = "1819 - ESW Project", "1819 - ESW Project\1819 - ESW Project.csproj", "{890E3B38-D387-4001-A8A1-0C9ECF38233F}"
EndProject
Global
	GlobalSection(SolutionConfigurationPlatforms) = preSolution
		Debug|Any CPU = Debug|Any CPU
		Release|Any CPU = Release|Any CPU
	EndGlobalSection
	GlobalSection(ProjectConfigurationPlatforms) = postSolution
		{890E3B38-D387-4001-A8A1-0C9ECF38233F}.Debug|Any CPU.ActiveCfg = Debug|Any CPU
		{890E3B38-D387-4001-A8A1-0C9ECF38233F}.Debug|Any CPU.Build.0 = Debug|Any CPU
		{890E3B38-D387-4001-A8A1-0C9ECF38233F}.Release|Any CPU.ActiveCfg = Release|Any CPU
		{890E3B38-D387-4001-A8A1-0C9ECF38233F}.Release|Any CPU.Build.0 = Release|Any CPU
	EndGlobalSection
	GlobalSection(SolutionProperties) = preSolution
		HideSolutionNode = FALSE
	EndGlobalSection
	GlobalSection(ExtensibilityGlobals) = postSolution
		SolutionGuid = {AAE11857-5D64-4C99-978A-ECE471293291}
	EndGlobalSection
EndGlobal
